// !$*UTF8*$!
{
	archiveVersion = 1;
	classes = {
	};
	objectVersion = 56;
	objects = {

/* Begin PBXBuildFile section */
		862EB4922A7553C100DCED7A /* ParentModel.swift in Sources */ = {isa = PBXBuildFile; fileRef = 862EB4912A7553C100DCED7A /* ParentModel.swift */; };
		8655BAF02A71AEC600BC31B6 /* AppDelegate.swift in Sources */ = {isa = PBXBuildFile; fileRef = 8655BAEF2A71AEC600BC31B6 /* AppDelegate.swift */; };
		8655BAF22A71AEC600BC31B6 /* SceneDelegate.swift in Sources */ = {isa = PBXBuildFile; fileRef = 8655BAF12A71AEC600BC31B6 /* SceneDelegate.swift */; };
		8655BAF42A71AEC600BC31B6 /* ParentViewController.swift in Sources */ = {isa = PBXBuildFile; fileRef = 8655BAF32A71AEC600BC31B6 /* ParentViewController.swift */; };
		8655BAF92A71AEC700BC31B6 /* Assets.xcassets in Resources */ = {isa = PBXBuildFile; fileRef = 8655BAF82A71AEC700BC31B6 /* Assets.xcassets */; };
		8655BAFC2A71AEC700BC31B6 /* LaunchScreen.storyboard in Resources */ = {isa = PBXBuildFile; fileRef = 8655BAFA2A71AEC700BC31B6 /* LaunchScreen.storyboard */; };
		8655BB0C2A71B01900BC31B6 /* BaseView.swift in Sources */ = {isa = PBXBuildFile; fileRef = 8655BB0B2A71B01900BC31B6 /* BaseView.swift */; };
		8655BB0E2A71B0CF00BC31B6 /* TextField.swift in Sources */ = {isa = PBXBuildFile; fileRef = 8655BB0D2A71B0CF00BC31B6 /* TextField.swift */; };
		8655BB122A71B18C00BC31B6 /* UIView+Extension.swift in Sources */ = {isa = PBXBuildFile; fileRef = 8655BB112A71B18C00BC31B6 /* UIView+Extension.swift */; };
		8655BB142A71B58B00BC31B6 /* AddChildButton.swift in Sources */ = {isa = PBXBuildFile; fileRef = 8655BB132A71B58B00BC31B6 /* AddChildButton.swift */; };
		8655BB162A71BE6E00BC31B6 /* HeaderForTableView.swift in Sources */ = {isa = PBXBuildFile; fileRef = 8655BB152A71BE6E00BC31B6 /* HeaderForTableView.swift */; };
		8655BB182A72298100BC31B6 /* UIColor+Extension.swift in Sources */ = {isa = PBXBuildFile; fileRef = 8655BB172A72298100BC31B6 /* UIColor+Extension.swift */; };
		8655BB1A2A722AEF00BC31B6 /* ChildCell.swift in Sources */ = {isa = PBXBuildFile; fileRef = 8655BB192A722AEF00BC31B6 /* ChildCell.swift */; };
		86CE49612A72823000F8B2B9 /* ChildModel.swift in Sources */ = {isa = PBXBuildFile; fileRef = 86CE49602A72823000F8B2B9 /* ChildModel.swift */; };
		86CE49692A73C83400F8B2B9 /* FooterForTableView.swift in Sources */ = {isa = PBXBuildFile; fileRef = 86CE49682A73C83400F8B2B9 /* FooterForTableView.swift */; };
		86CE496B2A73CD6000F8B2B9 /* AlertModel.swift in Sources */ = {isa = PBXBuildFile; fileRef = 86CE496A2A73CD6000F8B2B9 /* AlertModel.swift */; };
		86CE496F2A73E97E00F8B2B9 /* UIViewController+Extension.swift in Sources */ = {isa = PBXBuildFile; fileRef = 86CE496E2A73E97E00F8B2B9 /* UIViewController+Extension.swift */; };
/* End PBXBuildFile section */

/* Begin PBXFileReference section */
		862EB4912A7553C100DCED7A /* ParentModel.swift */ = {isa = PBXFileReference; lastKnownFileType = sourcecode.swift; path = ParentModel.swift; sourceTree = "<group>"; };
		8655BAEC2A71AEC600BC31B6 /* ParentApp.app */ = {isa = PBXFileReference; explicitFileType = wrapper.application; includeInIndex = 0; path = ParentApp.app; sourceTree = BUILT_PRODUCTS_DIR; };
		8655BAEF2A71AEC600BC31B6 /* AppDelegate.swift */ = {isa = PBXFileReference; lastKnownFileType = sourcecode.swift; path = AppDelegate.swift; sourceTree = "<group>"; };
		8655BAF12A71AEC600BC31B6 /* SceneDelegate.swift */ = {isa = PBXFileReference; lastKnownFileType = sourcecode.swift; path = SceneDelegate.swift; sourceTree = "<group>"; };
		8655BAF32A71AEC600BC31B6 /* ParentViewController.swift */ = {isa = PBXFileReference; lastKnownFileType = sourcecode.swift; path = ParentViewController.swift; sourceTree = "<group>"; };
		8655BAF82A71AEC700BC31B6 /* Assets.xcassets */ = {isa = PBXFileReference; lastKnownFileType = folder.assetcatalog; path = Assets.xcassets; sourceTree = "<group>"; };
		8655BAFB2A71AEC700BC31B6 /* Base */ = {isa = PBXFileReference; lastKnownFileType = file.storyboard; name = Base; path = Base.lproj/LaunchScreen.storyboard; sourceTree = "<group>"; };
		8655BAFD2A71AEC700BC31B6 /* Info.plist */ = {isa = PBXFileReference; lastKnownFileType = text.plist.xml; path = Info.plist; sourceTree = "<group>"; };
		8655BB0B2A71B01900BC31B6 /* BaseView.swift */ = {isa = PBXFileReference; lastKnownFileType = sourcecode.swift; path = BaseView.swift; sourceTree = "<group>"; };
		8655BB0D2A71B0CF00BC31B6 /* TextField.swift */ = {isa = PBXFileReference; lastKnownFileType = sourcecode.swift; path = TextField.swift; sourceTree = "<group>"; };
		8655BB112A71B18C00BC31B6 /* UIView+Extension.swift */ = {isa = PBXFileReference; lastKnownFileType = sourcecode.swift; path = "UIView+Extension.swift"; sourceTree = "<group>"; };
		8655BB132A71B58B00BC31B6 /* AddChildButton.swift */ = {isa = PBXFileReference; lastKnownFileType = sourcecode.swift; path = AddChildButton.swift; sourceTree = "<group>"; };
		8655BB152A71BE6E00BC31B6 /* HeaderForTableView.swift */ = {isa = PBXFileReference; lastKnownFileType = sourcecode.swift; path = HeaderForTableView.swift; sourceTree = "<group>"; };
		8655BB172A72298100BC31B6 /* UIColor+Extension.swift */ = {isa = PBXFileReference; lastKnownFileType = sourcecode.swift; path = "UIColor+Extension.swift"; sourceTree = "<group>"; };
		8655BB192A722AEF00BC31B6 /* ChildCell.swift */ = {isa = PBXFileReference; lastKnownFileType = sourcecode.swift; path = ChildCell.swift; sourceTree = "<group>"; };
		86CE49602A72823000F8B2B9 /* ChildModel.swift */ = {isa = PBXFileReference; lastKnownFileType = sourcecode.swift; name = ChildModel.swift; path = ParentApp/Sceens/ParentVewController/Model/ChildModel.swift; sourceTree = SOURCE_ROOT; };
		86CE49682A73C83400F8B2B9 /* FooterForTableView.swift */ = {isa = PBXFileReference; lastKnownFileType = sourcecode.swift; path = FooterForTableView.swift; sourceTree = "<group>"; };
		86CE496A2A73CD6000F8B2B9 /* AlertModel.swift */ = {isa = PBXFileReference; lastKnownFileType = sourcecode.swift; path = AlertModel.swift; sourceTree = "<group>"; };
		86CE496E2A73E97E00F8B2B9 /* UIViewController+Extension.swift */ = {isa = PBXFileReference; lastKnownFileType = sourcecode.swift; path = "UIViewController+Extension.swift"; sourceTree = "<group>"; };
/* End PBXFileReference section */

/* Begin PBXFrameworksBuildPhase section */
		8655BAE92A71AEC600BC31B6 /* Frameworks */ = {
			isa = PBXFrameworksBuildPhase;
			buildActionMask = 2147483647;
			files = (
			);
			runOnlyForDeploymentPostprocessing = 0;
		};
/* End PBXFrameworksBuildPhase section */

/* Begin PBXGroup section */
		8655BAE32A71AEC600BC31B6 = {
			isa = PBXGroup;
			children = (
				8655BAEE2A71AEC600BC31B6 /* ParentApp */,
				8655BAED2A71AEC600BC31B6 /* Products */,
			);
			sourceTree = "<group>";
		};
		8655BAED2A71AEC600BC31B6 /* Products */ = {
			isa = PBXGroup;
			children = (
				8655BAEC2A71AEC600BC31B6 /* ParentApp.app */,
			);
			name = Products;
			sourceTree = "<group>";
		};
		8655BAEE2A71AEC600BC31B6 /* ParentApp */ = {
			isa = PBXGroup;
			children = (
				8655BB042A71AF1E00BC31B6 /* App */,
				8655BB0F2A71B16D00BC31B6 /* Helpers */,
				8655BB052A71AF6400BC31B6 /* Sceens */,
				8655BB032A71AED700BC31B6 /* SupportingFiles */,
			);
			path = ParentApp;
			sourceTree = "<group>";
		};
		8655BB032A71AED700BC31B6 /* SupportingFiles */ = {
			isa = PBXGroup;
			children = (
				8655BAF82A71AEC700BC31B6 /* Assets.xcassets */,
				8655BAFD2A71AEC700BC31B6 /* Info.plist */,
			);
			path = SupportingFiles;
			sourceTree = "<group>";
		};
		8655BB042A71AF1E00BC31B6 /* App */ = {
			isa = PBXGroup;
			children = (
				8655BAEF2A71AEC600BC31B6 /* AppDelegate.swift */,
				8655BAF12A71AEC600BC31B6 /* SceneDelegate.swift */,
			);
			path = App;
			sourceTree = "<group>";
		};
		8655BB052A71AF6400BC31B6 /* Sceens */ = {
			isa = PBXGroup;
			children = (
				8655BB062A71AF6D00BC31B6 /* Launch */,
				8655BB072A71AF7800BC31B6 /* ParentVewController */,
			);
			path = Sceens;
			sourceTree = "<group>";
		};
		8655BB062A71AF6D00BC31B6 /* Launch */ = {
			isa = PBXGroup;
			children = (
				8655BAFA2A71AEC700BC31B6 /* LaunchScreen.storyboard */,
			);
			path = Launch;
			sourceTree = "<group>";
		};
		8655BB072A71AF7800BC31B6 /* ParentVewController */ = {
			isa = PBXGroup;
			children = (
				86CE49672A73B4DD00F8B2B9 /* Model */,
				8655BB092A71AF9100BC31B6 /* Views */,
				8655BB0A2A71AF9800BC31B6 /* Controller */,
			);
			path = ParentVewController;
			sourceTree = "<group>";
		};
		8655BB092A71AF9100BC31B6 /* Views */ = {
			isa = PBXGroup;
			children = (
				8655BB132A71B58B00BC31B6 /* AddChildButton.swift */,
				8655BB0B2A71B01900BC31B6 /* BaseView.swift */,
				8655BB192A722AEF00BC31B6 /* ChildCell.swift */,
				86CE49682A73C83400F8B2B9 /* FooterForTableView.swift */,
				8655BB152A71BE6E00BC31B6 /* HeaderForTableView.swift */,
				8655BB0D2A71B0CF00BC31B6 /* TextField.swift */,
			);
			path = Views;
			sourceTree = "<group>";
		};
		8655BB0A2A71AF9800BC31B6 /* Controller */ = {
			isa = PBXGroup;
			children = (
				8655BAF32A71AEC600BC31B6 /* ParentViewController.swift */,
			);
			path = Controller;
			sourceTree = "<group>";
		};
		8655BB0F2A71B16D00BC31B6 /* Helpers */ = {
			isa = PBXGroup;
			children = (
				8655BB102A71B17A00BC31B6 /* Extensions */,
			);
			path = Helpers;
			sourceTree = "<group>";
		};
		8655BB102A71B17A00BC31B6 /* Extensions */ = {
			isa = PBXGroup;
			children = (
				8655BB172A72298100BC31B6 /* UIColor+Extension.swift */,
				8655BB112A71B18C00BC31B6 /* UIView+Extension.swift */,
				86CE496E2A73E97E00F8B2B9 /* UIViewController+Extension.swift */,
			);
			path = Extensions;
			sourceTree = "<group>";
		};
		86CE49672A73B4DD00F8B2B9 /* Model */ = {
			isa = PBXGroup;
			children = (
				86CE496A2A73CD6000F8B2B9 /* AlertModel.swift */,
				86CE49602A72823000F8B2B9 /* ChildModel.swift */,
				862EB4912A7553C100DCED7A /* ParentModel.swift */,
			);
			path = Model;
			sourceTree = "<group>";
		};
/* End PBXGroup section */

/* Begin PBXNativeTarget section */
		8655BAEB2A71AEC600BC31B6 /* ParentApp */ = {
			isa = PBXNativeTarget;
			buildConfigurationList = 8655BB002A71AEC700BC31B6 /* Build configuration list for PBXNativeTarget "ParentApp" */;
			buildPhases = (
				8655BAE82A71AEC600BC31B6 /* Sources */,
				8655BAE92A71AEC600BC31B6 /* Frameworks */,
				8655BAEA2A71AEC600BC31B6 /* Resources */,
			);
			buildRules = (
			);
			dependencies = (
			);
			name = ParentApp;
			productName = ParentApp;
			productReference = 8655BAEC2A71AEC600BC31B6 /* ParentApp.app */;
			productType = "com.apple.product-type.application";
		};
/* End PBXNativeTarget section */

/* Begin PBXProject section */
		8655BAE42A71AEC600BC31B6 /* Project object */ = {
			isa = PBXProject;
			attributes = {
				BuildIndependentTargetsInParallel = 1;
				LastSwiftUpdateCheck = 1430;
				LastUpgradeCheck = 1430;
				TargetAttributes = {
					8655BAEB2A71AEC600BC31B6 = {
						CreatedOnToolsVersion = 14.3;
					};
				};
			};
			buildConfigurationList = 8655BAE72A71AEC600BC31B6 /* Build configuration list for PBXProject "ParentApp" */;
			compatibilityVersion = "Xcode 14.0";
			developmentRegion = en;
			hasScannedForEncodings = 0;
			knownRegions = (
				en,
				Base,
			);
			mainGroup = 8655BAE32A71AEC600BC31B6;
			productRefGroup = 8655BAED2A71AEC600BC31B6 /* Products */;
			projectDirPath = "";
			projectRoot = "";
			targets = (
				8655BAEB2A71AEC600BC31B6 /* ParentApp */,
			);
		};
/* End PBXProject section */

/* Begin PBXResourcesBuildPhase section */
		8655BAEA2A71AEC600BC31B6 /* Resources */ = {
			isa = PBXResourcesBuildPhase;
			buildActionMask = 2147483647;
			files = (
				8655BAFC2A71AEC700BC31B6 /* LaunchScreen.storyboard in Resources */,
				8655BAF92A71AEC700BC31B6 /* Assets.xcassets in Resources */,
			);
			runOnlyForDeploymentPostprocessing = 0;
		};
/* End PBXResourcesBuildPhase section */

/* Begin PBXSourcesBuildPhase section */
		8655BAE82A71AEC600BC31B6 /* Sources */ = {
			isa = PBXSourcesBuildPhase;
			buildActionMask = 2147483647;
			files = (
				86CE49692A73C83400F8B2B9 /* FooterForTableView.swift in Sources */,
				862EB4922A7553C100DCED7A /* ParentModel.swift in Sources */,
				86CE496B2A73CD6000F8B2B9 /* AlertModel.swift in Sources */,
				8655BAF42A71AEC600BC31B6 /* ParentViewController.swift in Sources */,
				86CE49612A72823000F8B2B9 /* ChildModel.swift in Sources */,
				8655BAF02A71AEC600BC31B6 /* AppDelegate.swift in Sources */,
				8655BB1A2A722AEF00BC31B6 /* ChildCell.swift in Sources */,
				8655BAF22A71AEC600BC31B6 /* SceneDelegate.swift in Sources */,
				8655BB182A72298100BC31B6 /* UIColor+Extension.swift in Sources */,
				8655BB0E2A71B0CF00BC31B6 /* TextField.swift in Sources */,
				8655BB162A71BE6E00BC31B6 /* HeaderForTableView.swift in Sources */,
				8655BB122A71B18C00BC31B6 /* UIView+Extension.swift in Sources */,
				8655BB0C2A71B01900BC31B6 /* BaseView.swift in Sources */,
				8655BB142A71B58B00BC31B6 /* AddChildButton.swift in Sources */,
				86CE496F2A73E97E00F8B2B9 /* UIViewController+Extension.swift in Sources */,
			);
			runOnlyForDeploymentPostprocessing = 0;
		};
/* End PBXSourcesBuildPhase section */

/* Begin PBXVariantGroup section */
		8655BAFA2A71AEC700BC31B6 /* LaunchScreen.storyboard */ = {
			isa = PBXVariantGroup;
			children = (
				8655BAFB2A71AEC700BC31B6 /* Base */,
			);
			name = LaunchScreen.storyboard;
			sourceTree = "<group>";
		};
/* End PBXVariantGroup section */

/* Begin XCBuildConfiguration section */
		8655BAFE2A71AEC700BC31B6 /* Debug */ = {
			isa = XCBuildConfiguration;
			buildSettings = {
				ALWAYS_SEARCH_USER_PATHS = NO;
				CLANG_ANALYZER_NONNULL = YES;
				CLANG_ANALYZER_NUMBER_OBJECT_CONVERSION = YES_AGGRESSIVE;
				CLANG_CXX_LANGUAGE_STANDARD = "gnu++20";
				CLANG_ENABLE_MODULES = YES;
				CLANG_ENABLE_OBJC_ARC = YES;
				CLANG_ENABLE_OBJC_WEAK = YES;
				CLANG_WARN_BLOCK_CAPTURE_AUTORELEASING = YES;
				CLANG_WARN_BOOL_CONVERSION = YES;
				CLANG_WARN_COMMA = YES;
				CLANG_WARN_CONSTANT_CONVERSION = YES;
				CLANG_WARN_DEPRECATED_OBJC_IMPLEMENTATIONS = YES;
				CLANG_WARN_DIRECT_OBJC_ISA_USAGE = YES_ERROR;
				CLANG_WARN_DOCUMENTATION_COMMENTS = YES;
				CLANG_WARN_EMPTY_BODY = YES;
				CLANG_WARN_ENUM_CONVERSION = YES;
				CLANG_WARN_INFINITE_RECURSION = YES;
				CLANG_WARN_INT_CONVERSION = YES;
				CLANG_WARN_NON_LITERAL_NULL_CONVERSION = YES;
				CLANG_WARN_OBJC_IMPLICIT_RETAIN_SELF = YES;
				CLANG_WARN_OBJC_LITERAL_CONVERSION = YES;
				CLANG_WARN_OBJC_ROOT_CLASS = YES_ERROR;
				CLANG_WARN_QUOTED_INCLUDE_IN_FRAMEWORK_HEADER = YES;
				CLANG_WARN_RANGE_LOOP_ANALYSIS = YES;
				CLANG_WARN_STRICT_PROTOTYPES = YES;
				CLANG_WARN_SUSPICIOUS_MOVE = YES;
				CLANG_WARN_UNGUARDED_AVAILABILITY = YES_AGGRESSIVE;
				CLANG_WARN_UNREACHABLE_CODE = YES;
				CLANG_WARN__DUPLICATE_METHOD_MATCH = YES;
				COPY_PHASE_STRIP = NO;
				DEBUG_INFORMATION_FORMAT = dwarf;
				ENABLE_STRICT_OBJC_MSGSEND = YES;
				ENABLE_TESTABILITY = YES;
				GCC_C_LANGUAGE_STANDARD = gnu11;
				GCC_DYNAMIC_NO_PIC = NO;
				GCC_NO_COMMON_BLOCKS = YES;
				GCC_OPTIMIZATION_LEVEL = 0;
				GCC_PREPROCESSOR_DEFINITIONS = (
					"DEBUG=1",
					"$(inherited)",
				);
				GCC_WARN_64_TO_32_BIT_CONVERSION = YES;
				GCC_WARN_ABOUT_RETURN_TYPE = YES_ERROR;
				GCC_WARN_UNDECLARED_SELECTOR = YES;
				GCC_WARN_UNINITIALIZED_AUTOS = YES_AGGRESSIVE;
				GCC_WARN_UNUSED_FUNCTION = YES;
				GCC_WARN_UNUSED_VARIABLE = YES;
				IPHONEOS_DEPLOYMENT_TARGET = 16.4;
				MTL_ENABLE_DEBUG_INFO = INCLUDE_SOURCE;
				MTL_FAST_MATH = YES;
				ONLY_ACTIVE_ARCH = YES;
				SDKROOT = iphoneos;
				SWIFT_ACTIVE_COMPILATION_CONDITIONS = DEBUG;
				SWIFT_OPTIMIZATION_LEVEL = "-Onone";
			};
			name = Debug;
		};
		8655BAFF2A71AEC700BC31B6 /* Release */ = {
			isa = XCBuildConfiguration;
			buildSettings = {
				ALWAYS_SEARCH_USER_PATHS = NO;
				CLANG_ANALYZER_NONNULL = YES;
				CLANG_ANALYZER_NUMBER_OBJECT_CONVERSION = YES_AGGRESSIVE;
				CLANG_CXX_LANGUAGE_STANDARD = "gnu++20";
				CLANG_ENABLE_MODULES = YES;
				CLANG_ENABLE_OBJC_ARC = YES;
				CLANG_ENABLE_OBJC_WEAK = YES;
				CLANG_WARN_BLOCK_CAPTURE_AUTORELEASING = YES;
				CLANG_WARN_BOOL_CONVERSION = YES;
				CLANG_WARN_COMMA = YES;
				CLANG_WARN_CONSTANT_CONVERSION = YES;
				CLANG_WARN_DEPRECATED_OBJC_IMPLEMENTATIONS = YES;
				CLANG_WARN_DIRECT_OBJC_ISA_USAGE = YES_ERROR;
				CLANG_WARN_DOCUMENTATION_COMMENTS = YES;
				CLANG_WARN_EMPTY_BODY = YES;
				CLANG_WARN_ENUM_CONVERSION = YES;
				CLANG_WARN_INFINITE_RECURSION = YES;
				CLANG_WARN_INT_CONVERSION = YES;
				CLANG_WARN_NON_LITERAL_NULL_CONVERSION = YES;
				CLANG_WARN_OBJC_IMPLICIT_RETAIN_SELF = YES;
				CLANG_WARN_OBJC_LITERAL_CONVERSION = YES;
				CLANG_WARN_OBJC_ROOT_CLASS = YES_ERROR;
				CLANG_WARN_QUOTED_INCLUDE_IN_FRAMEWORK_HEADER = YES;
				CLANG_WARN_RANGE_LOOP_ANALYSIS = YES;
				CLANG_WARN_STRICT_PROTOTYPES = YES;
				CLANG_WARN_SUSPICIOUS_MOVE = YES;
				CLANG_WARN_UNGUARDED_AVAILABILITY = YES_AGGRESSIVE;
				CLANG_WARN_UNREACHABLE_CODE = YES;
				CLANG_WARN__DUPLICATE_METHOD_MATCH = YES;
				COPY_PHASE_STRIP = NO;
				DEBUG_INFORMATION_FORMAT = "dwarf-with-dsym";
				ENABLE_NS_ASSERTIONS = NO;
				ENABLE_STRICT_OBJC_MSGSEND = YES;
				GCC_C_LANGUAGE_STANDARD = gnu11;
				GCC_NO_COMMON_BLOCKS = YES;
				GCC_WARN_64_TO_32_BIT_CONVERSION = YES;
				GCC_WARN_ABOUT_RETURN_TYPE = YES_ERROR;
				GCC_WARN_UNDECLARED_SELECTOR = YES;
				GCC_WARN_UNINITIALIZED_AUTOS = YES_AGGRESSIVE;
				GCC_WARN_UNUSED_FUNCTION = YES;
				GCC_WARN_UNUSED_VARIABLE = YES;
				IPHONEOS_DEPLOYMENT_TARGET = 16.4;
				MTL_ENABLE_DEBUG_INFO = NO;
				MTL_FAST_MATH = YES;
				SDKROOT = iphoneos;
				SWIFT_COMPILATION_MODE = wholemodule;
				SWIFT_OPTIMIZATION_LEVEL = "-O";
				VALIDATE_PRODUCT = YES;
			};
			name = Release;
		};
		8655BB012A71AEC700BC31B6 /* Debug */ = {
			isa = XCBuildConfiguration;
			buildSettings = {
				ASSETCATALOG_COMPILER_APPICON_NAME = AppIcon;
				ASSETCATALOG_COMPILER_GLOBAL_ACCENT_COLOR_NAME = AccentColor;
				CODE_SIGN_STYLE = Automatic;
				CURRENT_PROJECT_VERSION = 1;
				DEVELOPMENT_TEAM = S84P563ALW;
				GENERATE_INFOPLIST_FILE = YES;
				INFOPLIST_FILE = ParentApp/SupportingFiles/Info.plist;
				INFOPLIST_KEY_UIApplicationSupportsIndirectInputEvents = YES;
				INFOPLIST_KEY_UILaunchStoryboardName = LaunchScreen;
				INFOPLIST_KEY_UISupportedInterfaceOrientations_iPad = "UIInterfaceOrientationPortrait UIInterfaceOrientationPortraitUpsideDown UIInterfaceOrientationLandscapeLeft UIInterfaceOrientationLandscapeRight";
				INFOPLIST_KEY_UISupportedInterfaceOrientations_iPhone = "UIInterfaceOrientationPortrait UIInterfaceOrientationLandscapeLeft UIInterfaceOrientationLandscapeRight";
				LD_RUNPATH_SEARCH_PATHS = (
					"$(inherited)",
					"@executable_path/Frameworks",
				);
				MARKETING_VERSION = 1.0;
				PRODUCT_BUNDLE_IDENTIFIER = DeVIn4I.ParentApp;
				PRODUCT_NAME = "$(TARGET_NAME)";
				SWIFT_EMIT_LOC_STRINGS = YES;
				SWIFT_VERSION = 5.0;
				TARGETED_DEVICE_FAMILY = "1,2";
			};
			name = Debug;
		};
		8655BB022A71AEC700BC31B6 /* Release */ = {
			isa = XCBuildConfiguration;
			buildSettings = {
				ASSETCATALOG_COMPILER_APPICON_NAME = AppIcon;
				ASSETCATALOG_COMPILER_GLOBAL_ACCENT_COLOR_NAME = AccentColor;
				CODE_SIGN_STYLE = Automatic;
				CURRENT_PROJECT_VERSION = 1;
				DEVELOPMENT_TEAM = S84P563ALW;
				GENERATE_INFOPLIST_FILE = YES;
				INFOPLIST_FILE = ParentApp/SupportingFiles/Info.plist;
				INFOPLIST_KEY_UIApplicationSupportsIndirectInputEvents = YES;
				INFOPLIST_KEY_UILaunchStoryboardName = LaunchScreen;
				INFOPLIST_KEY_UISupportedInterfaceOrientations_iPad = "UIInterfaceOrientationPortrait UIInterfaceOrientationPortraitUpsideDown UIInterfaceOrientationLandscapeLeft UIInterfaceOrientationLandscapeRight";
				INFOPLIST_KEY_UISupportedInterfaceOrientations_iPhone = "UIInterfaceOrientationPortrait UIInterfaceOrientationLandscapeLeft UIInterfaceOrientationLandscapeRight";
				LD_RUNPATH_SEARCH_PATHS = (
					"$(inherited)",
					"@executable_path/Frameworks",
				);
				MARKETING_VERSION = 1.0;
				PRODUCT_BUNDLE_IDENTIFIER = DeVIn4I.ParentApp;
				PRODUCT_NAME = "$(TARGET_NAME)";
				SWIFT_EMIT_LOC_STRINGS = YES;
				SWIFT_VERSION = 5.0;
				TARGETED_DEVICE_FAMILY = "1,2";
			};
			name = Release;
		};
/* End XCBuildConfiguration section */

/* Begin XCConfigurationList section */
		8655BAE72A71AEC600BC31B6 /* Build configuration list for PBXProject "ParentApp" */ = {
			isa = XCConfigurationList;
			buildConfigurations = (
				8655BAFE2A71AEC700BC31B6 /* Debug */,
				8655BAFF2A71AEC700BC31B6 /* Release */,
			);
			defaultConfigurationIsVisible = 0;
			defaultConfigurationName = Release;
		};
		8655BB002A71AEC700BC31B6 /* Build configuration list for PBXNativeTarget "ParentApp" */ = {
			isa = XCConfigurationList;
			buildConfigurations = (
				8655BB012A71AEC700BC31B6 /* Debug */,
				8655BB022A71AEC700BC31B6 /* Release */,
			);
			defaultConfigurationIsVisible = 0;
			defaultConfigurationName = Release;
		};
/* End XCConfigurationList section */
	};
	rootObject = 8655BAE42A71AEC600BC31B6 /* Project object */;
}
